github.com/alioygur/gores v1.2.2 h1:y5mzo3R5cNWz1LBTIwAEU6DmB8grIC7iJwfc91kmBVU=
github.com/alioygur/gores v1.2.2/go.mod h1:z9GuicgNf03HUIQ5aPbiQGshig430sMeaFFfqfRacl8=
github.com/gorilla/mux v1.8.0 h1:i40aqfkR1h2SlN9hojwV5ZA91wcXFOvkdNIeFDP5koI=
github.com/gorilla/mux v1.8.0/go.mod h1:DVbg23sWSpFRCP0SfiEN6jmj59UnW/n46BH5rLB71So=
